
Microsoft Visual Studio Solution File, Format Version 12.00
# Visual Studio 15
VisualStudioVersion = 15.0.28307.572
MinimumVisualStudioVersion = 10.0.40219.1
Project("{8BC9CEB8-8B4A-11D0-8D11-00A0C91BC942}") = "Hw1Client", "Hw1Client\Hw1Client.vcxproj", "{B773419E-99FF-4433-B95F-12D8AD1E9E22}"
EndProject
Global
	GlobalSection(SolutionConfigurationPlatforms) = preSolution
		Debug|x64 = Debug|x64
		Debug|x86 = Debug|x86
		Release|x64 = Release|x64
		Release|x86 = Release|x86
	EndGlobalSection
	GlobalSection(ProjectConfigurationPlatforms) = postSolution
		{B773419E-99FF-4433-B95F-12D8AD1E9E22}.Debug|x64.ActiveCfg = Debug|x64
		{B773419E-99FF-4433-B95F-12D8AD1E9E22}.Debug|x64.Build.0 = Debug|x64
		{B773419E-99FF-4433-B95F-12D8AD1E9E22}.Debug|x86.ActiveCfg = Debug|Win32
		{B773419E-99FF-4433-B95F-12D8AD1E9E22}.Debug|x86.Build.0 = Debug|Win32
		{B773419E-99FF-4433-B95F-12D8AD1E9E22}.Release|x64.ActiveCfg = Release|x64
		{B773419E-99FF-4433-B95F-12D8AD1E9E22}.Release|x64.Build.0 = Release|x64
		{B773419E-99FF-4433-B95F-12D8AD1E9E22}.Release|x86.ActiveCfg = Release|Win32
		{B773419E-99FF-4433-B95F-12D8AD1E9E22}.Release|x86.Build.0 = Release|Win32
	EndGlobalSection
	GlobalSection(SolutionProperties) = preSolution
		HideSolutionNode = FALSE
	EndGlobalSection
	GlobalSection(ExtensibilityGlobals) = postSolution
		SolutionGuid = {516A7E9C-5D11-4C5D-938C-B6B58A84F4A6}
	EndGlobalSection
EndGlobal
