
Microsoft Visual Studio Solution File, Format Version 12.00
# Visual Studio 15
VisualStudioVersion = 15.0.28307.572
MinimumVisualStudioVersion = 10.0.40219.1
Project("{FAE04EC0-301F-11D3-BF4B-00C04F79EFBC}") = "winForm2", "winForm2\winForm2.csproj", "{6711462A-7595-4A55-B563-01461446664E}"
EndProject
Global
	GlobalSection(SolutionConfigurationPlatforms) = preSolution
		Debug|Any CPU = Debug|Any CPU
		Release|Any CPU = Release|Any CPU
	EndGlobalSection
	GlobalSection(ProjectConfigurationPlatforms) = postSolution
		{6711462A-7595-4A55-B563-01461446664E}.Debug|Any CPU.ActiveCfg = Debug|Any CPU
		{6711462A-7595-4A55-B563-01461446664E}.Debug|Any CPU.Build.0 = Debug|Any CPU
		{6711462A-7595-4A55-B563-01461446664E}.Release|Any CPU.ActiveCfg = Release|Any CPU
		{6711462A-7595-4A55-B563-01461446664E}.Release|Any CPU.Build.0 = Release|Any CPU
	EndGlobalSection
	GlobalSection(SolutionProperties) = preSolution
		HideSolutionNode = FALSE
	EndGlobalSection
	GlobalSection(ExtensibilityGlobals) = postSolution
		SolutionGuid = {ED3592C8-69EE-43C3-863A-70DED99B8B32}
	EndGlobalSection
EndGlobal
