
Microsoft Visual Studio Solution File, Format Version 12.00
# Visual Studio 15
VisualStudioVersion = 15.0.28307.572
MinimumVisualStudioVersion = 10.0.40219.1
Project("{FAE04EC0-301F-11D3-BF4B-00C04F79EFBC}") = "winForm3", "winForm3\winForm3.csproj", "{1CFCD53B-C699-4E35-BAB9-03C46B8C89BF}"
EndProject
Global
	GlobalSection(SolutionConfigurationPlatforms) = preSolution
		Debug|Any CPU = Debug|Any CPU
		Release|Any CPU = Release|Any CPU
	EndGlobalSection
	GlobalSection(ProjectConfigurationPlatforms) = postSolution
		{1CFCD53B-C699-4E35-BAB9-03C46B8C89BF}.Debug|Any CPU.ActiveCfg = Debug|Any CPU
		{1CFCD53B-C699-4E35-BAB9-03C46B8C89BF}.Debug|Any CPU.Build.0 = Debug|Any CPU
		{1CFCD53B-C699-4E35-BAB9-03C46B8C89BF}.Release|Any CPU.ActiveCfg = Release|Any CPU
		{1CFCD53B-C699-4E35-BAB9-03C46B8C89BF}.Release|Any CPU.Build.0 = Release|Any CPU
	EndGlobalSection
	GlobalSection(SolutionProperties) = preSolution
		HideSolutionNode = FALSE
	EndGlobalSection
	GlobalSection(ExtensibilityGlobals) = postSolution
		SolutionGuid = {6C8C1AD7-9D03-4F47-B658-8A9CDAB86E0E}
	EndGlobalSection
EndGlobal
