
Microsoft Visual Studio Solution File, Format Version 12.00
# Visual Studio 15
VisualStudioVersion = 15.0.27703.1
MinimumVisualStudioVersion = 10.0.40219.1
Project("{8BC9CEB8-8B4A-11D0-8D11-00A0C91BC942}") = "MFC_dialogModule", "MFC_dialogModule\MFC_dialogModule.vcxproj", "{D7BA11B2-37F3-48FD-B264-6455A5AA6325}"
EndProject
Global
	GlobalSection(SolutionConfigurationPlatforms) = preSolution
		Debug|x64 = Debug|x64
		Debug|x86 = Debug|x86
		Release|x64 = Release|x64
		Release|x86 = Release|x86
	EndGlobalSection
	GlobalSection(ProjectConfigurationPlatforms) = postSolution
		{D7BA11B2-37F3-48FD-B264-6455A5AA6325}.Debug|x64.ActiveCfg = Debug|x64
		{D7BA11B2-37F3-48FD-B264-6455A5AA6325}.Debug|x64.Build.0 = Debug|x64
		{D7BA11B2-37F3-48FD-B264-6455A5AA6325}.Debug|x86.ActiveCfg = Debug|Win32
		{D7BA11B2-37F3-48FD-B264-6455A5AA6325}.Debug|x86.Build.0 = Debug|Win32
		{D7BA11B2-37F3-48FD-B264-6455A5AA6325}.Release|x64.ActiveCfg = Release|x64
		{D7BA11B2-37F3-48FD-B264-6455A5AA6325}.Release|x64.Build.0 = Release|x64
		{D7BA11B2-37F3-48FD-B264-6455A5AA6325}.Release|x86.ActiveCfg = Release|Win32
		{D7BA11B2-37F3-48FD-B264-6455A5AA6325}.Release|x86.Build.0 = Release|Win32
	EndGlobalSection
	GlobalSection(SolutionProperties) = preSolution
		HideSolutionNode = FALSE
	EndGlobalSection
	GlobalSection(ExtensibilityGlobals) = postSolution
		SolutionGuid = {45D49CC7-D126-4C2E-963A-70556DA649A3}
	EndGlobalSection
EndGlobal
