
Microsoft Visual Studio Solution File, Format Version 12.00
# Visual Studio 15
VisualStudioVersion = 15.0.27428.1
MinimumVisualStudioVersion = 10.0.40219.1
Project("{8BC9CEB8-8B4A-11D0-8D11-00A0C91BC942}") = "DynamicAlloc2", "DynamicAlloc2.vcxproj", "{CA6C5575-0D8C-45AC-9E9C-CA99D53A05D2}"
EndProject
Global
	GlobalSection(SolutionConfigurationPlatforms) = preSolution
		Debug|x86 = Debug|x86
		Release|x86 = Release|x86
	EndGlobalSection
	GlobalSection(ProjectConfigurationPlatforms) = postSolution
		{CA6C5575-0D8C-45AC-9E9C-CA99D53A05D2}.Debug|x86.ActiveCfg = Debug|Win32
		{CA6C5575-0D8C-45AC-9E9C-CA99D53A05D2}.Debug|x86.Build.0 = Debug|Win32
		{CA6C5575-0D8C-45AC-9E9C-CA99D53A05D2}.Release|x86.ActiveCfg = Release|Win32
		{CA6C5575-0D8C-45AC-9E9C-CA99D53A05D2}.Release|x86.Build.0 = Release|Win32
	EndGlobalSection
	GlobalSection(SolutionProperties) = preSolution
		HideSolutionNode = FALSE
	EndGlobalSection
	GlobalSection(ExtensibilityGlobals) = postSolution
		SolutionGuid = {A5858609-2024-4C49-A55E-10ADA1AA2CAA}
	EndGlobalSection
EndGlobal
